
Microsoft Visual Studio Solution File, Format Version 12.00
# Visual Studio Version 16
VisualStudioVersion = 16.0.30406.217
MinimumVisualStudioVersion = 10.0.40219.1
Project("{9A19103F-16F7-4668-BE54-9A1E7A4F7556}") = "F3arRa1n-Windows-cleaned", "F3arRa1n-Windows-cleaned.csproj", "{FD7807CD-D07A-4469-89FD-7EAD739DA30F}"
EndProject
Global
	GlobalSection(SolutionConfigurationPlatforms) = preSolution
		Debug|Any CPU = Debug|Any CPU
		Release|Any CPU = Release|Any CPU
	EndGlobalSection
	GlobalSection(ProjectConfigurationPlatforms) = postSolution
		{FD7807CD-D07A-4469-89FD-7EAD739DA30F}.Debug|Any CPU.ActiveCfg = Debug|Any CPU
		{FD7807CD-D07A-4469-89FD-7EAD739DA30F}.Debug|Any CPU.Build.0 = Debug|Any CPU
		{FD7807CD-D07A-4469-89FD-7EAD739DA30F}.Release|Any CPU.ActiveCfg = Release|Any CPU
		{FD7807CD-D07A-4469-89FD-7EAD739DA30F}.Release|Any CPU.Build.0 = Release|Any CPU
	EndGlobalSection
	GlobalSection(SolutionProperties) = preSolution
		HideSolutionNode = FALSE
	EndGlobalSection
	GlobalSection(ExtensibilityGlobals) = postSolution
		SolutionGuid = {C55A3255-5DA2-4166-BF99-834F67873857}
	EndGlobalSection
EndGlobal
